
Microsoft Visual Studio Solution File, Format Version 12.00
Project("{FAE04EC0-301F-11D3-BF4B-00C04F79EFBC}") = "AbstractFactory", "AbstractFactory\AbstractFactory.csproj", "{840F1330-2AE8-42D1-80A0-AF5CF9733AC5}"
EndProject
Project("{FAE04EC0-301F-11D3-BF4B-00C04F79EFBC}") = "Builder", "Builder\Builder.csproj", "{01A57BCB-CFD9-47B8-8524-87F374215758}"
EndProject
Project("{FAE04EC0-301F-11D3-BF4B-00C04F79EFBC}") = "Adapter", "Adapter\Adapter.csproj", "{ACA6439D-3891-43F9-9694-AF1C169B9077}"
EndProject
Project("{FAE04EC0-301F-11D3-BF4B-00C04F79EFBC}") = "BuilderUser", "BuilderUser\BuilderUser.csproj", "{3C03E4AB-59CF-4AA4-AC6B-DA29A95E1C3A}"
EndProject
Project("{FAE04EC0-301F-11D3-BF4B-00C04F79EFBC}") = "ChainOfResponsibility", "ChainOfResponsibility\ChainOfResponsibility.csproj", "{ACFDE58C-E419-4688-9347-7055036D53D3}"
EndProject
Global
	GlobalSection(SolutionConfigurationPlatforms) = preSolution
		Debug|Any CPU = Debug|Any CPU
		Release|Any CPU = Release|Any CPU
	EndGlobalSection
	GlobalSection(ProjectConfigurationPlatforms) = postSolution
		{840F1330-2AE8-42D1-80A0-AF5CF9733AC5}.Debug|Any CPU.ActiveCfg = Debug|Any CPU
		{840F1330-2AE8-42D1-80A0-AF5CF9733AC5}.Debug|Any CPU.Build.0 = Debug|Any CPU
		{840F1330-2AE8-42D1-80A0-AF5CF9733AC5}.Release|Any CPU.ActiveCfg = Release|Any CPU
		{840F1330-2AE8-42D1-80A0-AF5CF9733AC5}.Release|Any CPU.Build.0 = Release|Any CPU
		{01A57BCB-CFD9-47B8-8524-87F374215758}.Debug|Any CPU.ActiveCfg = Debug|Any CPU
		{01A57BCB-CFD9-47B8-8524-87F374215758}.Debug|Any CPU.Build.0 = Debug|Any CPU
		{01A57BCB-CFD9-47B8-8524-87F374215758}.Release|Any CPU.ActiveCfg = Release|Any CPU
		{01A57BCB-CFD9-47B8-8524-87F374215758}.Release|Any CPU.Build.0 = Release|Any CPU
		{ACA6439D-3891-43F9-9694-AF1C169B9077}.Debug|Any CPU.ActiveCfg = Debug|Any CPU
		{ACA6439D-3891-43F9-9694-AF1C169B9077}.Debug|Any CPU.Build.0 = Debug|Any CPU
		{ACA6439D-3891-43F9-9694-AF1C169B9077}.Release|Any CPU.ActiveCfg = Release|Any CPU
		{ACA6439D-3891-43F9-9694-AF1C169B9077}.Release|Any CPU.Build.0 = Release|Any CPU
		{3C03E4AB-59CF-4AA4-AC6B-DA29A95E1C3A}.Debug|Any CPU.ActiveCfg = Debug|Any CPU
		{3C03E4AB-59CF-4AA4-AC6B-DA29A95E1C3A}.Debug|Any CPU.Build.0 = Debug|Any CPU
		{3C03E4AB-59CF-4AA4-AC6B-DA29A95E1C3A}.Release|Any CPU.ActiveCfg = Release|Any CPU
		{3C03E4AB-59CF-4AA4-AC6B-DA29A95E1C3A}.Release|Any CPU.Build.0 = Release|Any CPU
		{ACFDE58C-E419-4688-9347-7055036D53D3}.Debug|Any CPU.ActiveCfg = Debug|Any CPU
		{ACFDE58C-E419-4688-9347-7055036D53D3}.Debug|Any CPU.Build.0 = Debug|Any CPU
		{ACFDE58C-E419-4688-9347-7055036D53D3}.Release|Any CPU.ActiveCfg = Release|Any CPU
		{ACFDE58C-E419-4688-9347-7055036D53D3}.Release|Any CPU.Build.0 = Release|Any CPU
	EndGlobalSection
EndGlobal
